
Microsoft Visual Studio Solution File, Format Version 12.00
# Visual Studio Version 16
VisualStudioVersion = 16.0.30621.155
MinimumVisualStudioVersion = 10.0.40219.1
Project("{8BC9CEB8-8B4A-11D0-8D11-00A0C91BC942}") = "OpenGl Crash Course", "OpenGl Crash Course.vcxproj", "{BF711313-7B5C-4886-A3F3-1FD5C8275897}"
EndProject
Global
	GlobalSection(SolutionConfigurationPlatforms) = preSolution
		Debug|x64 = Debug|x64
		Debug|x86 = Debug|x86
		Release|x64 = Release|x64
		Release|x86 = Release|x86
	EndGlobalSection
	GlobalSection(ProjectConfigurationPlatforms) = postSolution
		{BF711313-7B5C-4886-A3F3-1FD5C8275897}.Debug|x64.ActiveCfg = Debug|x64
		{BF711313-7B5C-4886-A3F3-1FD5C8275897}.Debug|x64.Build.0 = Debug|x64
		{BF711313-7B5C-4886-A3F3-1FD5C8275897}.Debug|x86.ActiveCfg = Debug|Win32
		{BF711313-7B5C-4886-A3F3-1FD5C8275897}.Debug|x86.Build.0 = Debug|Win32
		{BF711313-7B5C-4886-A3F3-1FD5C8275897}.Release|x64.ActiveCfg = Release|x64
		{BF711313-7B5C-4886-A3F3-1FD5C8275897}.Release|x64.Build.0 = Release|x64
		{BF711313-7B5C-4886-A3F3-1FD5C8275897}.Release|x86.ActiveCfg = Release|Win32
		{BF711313-7B5C-4886-A3F3-1FD5C8275897}.Release|x86.Build.0 = Release|Win32
	EndGlobalSection
	GlobalSection(SolutionProperties) = preSolution
		HideSolutionNode = FALSE
	EndGlobalSection
	GlobalSection(ExtensibilityGlobals) = postSolution
		SolutionGuid = {7B4AF5CE-696E-4097-A957-76A4776C0946}
	EndGlobalSection
EndGlobal
